<?xml version="1.0" encoding="UTF-8" standalone="yes" ?>
<CodeBlocks_project_file>
	<FileVersion major="1" minor="6" />
	<Project>
		<Option title="HiveGame" />
		<Option pch_mode="2" />
		<Option compiler="gcc" />
		<Build>
			<Target title="Debug">
				<Option output="bin/Debug/HiveGame" prefix_auto="1" extension_auto="1" />
				<Option object_output="obj/Debug/" />
				<Option type="1" />
				<Option compiler="gcc" />
				<Compiler>
					<Add option="-g" />
				</Compiler>
			</Target>
			<Target title="Release">
				<Option output="bin/Release/HiveGame" prefix_auto="1" extension_auto="1" />
				<Option object_output="obj/Release/" />
				<Option type="1" />
				<Option compiler="gcc" />
				<Compiler>
					<Add option="-O2" />
				</Compiler>
				<Linker>
					<Add option="-s" />
				</Linker>
			</Target>
		</Build>
		<Compiler>
			<Add option="-Wall" />
			<Add option="-fexceptions" />
		</Compiler>
		<Unit filename="include/Action.h" />
		<Unit filename="include/GameMaster.h" />
		<Unit filename="include/Hexagon.h" />
		<Unit filename="include/Insecte.h" />
		<Unit filename="include/Joueur.h" />
		<Unit filename="include/Plateau.h" />
		<Unit filename="main.cpp" />
		<Unit filename="src/Action.cpp" />
		<Unit filename="src/GameMaster.cpp" />
		<Unit filename="src/Hexagon.cpp" />
		<Unit filename="src/Insecte.cpp" />
		<Unit filename="src/Joueur.cpp" />
		<Unit filename="src/Plateau.cpp" />
		<Extensions />
	</Project>
</CodeBlocks_project_file>
